
Microsoft Visual Studio Solution File, Format Version 12.00
# Visual Studio Version 16
VisualStudioVersion = 16.0.30503.244
MinimumVisualStudioVersion = 10.0.40219.1
Project("{9A19103F-16F7-4668-BE54-9A1E7A4F7556}") = "College Database", "College Database\College Database.csproj", "{F064A0A1-18F7-4FF7-8E33-D7F662BEE8FC}"
EndProject
Project("{9A19103F-16F7-4668-BE54-9A1E7A4F7556}") = "Entities", "Entities\Entities.csproj", "{1B040798-1790-47BA-A0FB-EBE6DCB788C9}"
EndProject
Project("{FAE04EC0-301F-11D3-BF4B-00C04F79EFBC}") = "Contracts", "Contracts\Contracts.csproj", "{29306E8A-CEEC-4F6C-84D1-2E70BB042459}"
EndProject
Project("{FAE04EC0-301F-11D3-BF4B-00C04F79EFBC}") = "Repository", "Repository\Repository.csproj", "{A1335F06-85C4-44E2-A9CB-247CBD732F39}"
EndProject
Global
	GlobalSection(SolutionConfigurationPlatforms) = preSolution
		Debug|Any CPU = Debug|Any CPU
		Release|Any CPU = Release|Any CPU
	EndGlobalSection
	GlobalSection(ProjectConfigurationPlatforms) = postSolution
		{F064A0A1-18F7-4FF7-8E33-D7F662BEE8FC}.Debug|Any CPU.ActiveCfg = Debug|Any CPU
		{F064A0A1-18F7-4FF7-8E33-D7F662BEE8FC}.Debug|Any CPU.Build.0 = Debug|Any CPU
		{F064A0A1-18F7-4FF7-8E33-D7F662BEE8FC}.Release|Any CPU.ActiveCfg = Release|Any CPU
		{F064A0A1-18F7-4FF7-8E33-D7F662BEE8FC}.Release|Any CPU.Build.0 = Release|Any CPU
		{1B040798-1790-47BA-A0FB-EBE6DCB788C9}.Debug|Any CPU.ActiveCfg = Debug|Any CPU
		{1B040798-1790-47BA-A0FB-EBE6DCB788C9}.Debug|Any CPU.Build.0 = Debug|Any CPU
		{1B040798-1790-47BA-A0FB-EBE6DCB788C9}.Release|Any CPU.ActiveCfg = Release|Any CPU
		{1B040798-1790-47BA-A0FB-EBE6DCB788C9}.Release|Any CPU.Build.0 = Release|Any CPU
		{29306E8A-CEEC-4F6C-84D1-2E70BB042459}.Debug|Any CPU.ActiveCfg = Debug|Any CPU
		{29306E8A-CEEC-4F6C-84D1-2E70BB042459}.Debug|Any CPU.Build.0 = Debug|Any CPU
		{29306E8A-CEEC-4F6C-84D1-2E70BB042459}.Release|Any CPU.ActiveCfg = Release|Any CPU
		{29306E8A-CEEC-4F6C-84D1-2E70BB042459}.Release|Any CPU.Build.0 = Release|Any CPU
		{A1335F06-85C4-44E2-A9CB-247CBD732F39}.Debug|Any CPU.ActiveCfg = Debug|Any CPU
		{A1335F06-85C4-44E2-A9CB-247CBD732F39}.Debug|Any CPU.Build.0 = Debug|Any CPU
		{A1335F06-85C4-44E2-A9CB-247CBD732F39}.Release|Any CPU.ActiveCfg = Release|Any CPU
		{A1335F06-85C4-44E2-A9CB-247CBD732F39}.Release|Any CPU.Build.0 = Release|Any CPU
	EndGlobalSection
	GlobalSection(SolutionProperties) = preSolution
		HideSolutionNode = FALSE
	EndGlobalSection
	GlobalSection(ExtensibilityGlobals) = postSolution
		SolutionGuid = {C03FB4FD-F894-4FD2-B07D-92E194AF6E12}
	EndGlobalSection
EndGlobal
